
Microsoft Visual Studio Solution File, Format Version 12.00
# Visual Studio 15
VisualStudioVersion = 15.0.27428.2002
MinimumVisualStudioVersion = 10.0.40219.1
Project("{FAE04EC0-301F-11D3-BF4B-00C04F79EFBC}") = "BubbleSortDemo", "BubbleSortDemo\BubbleSortDemo.csproj", "{D38E3039-1309-4F0B-A696-1E59CCEC89A9}"
EndProject
Global
	GlobalSection(SolutionConfigurationPlatforms) = preSolution
		Debug|Any CPU = Debug|Any CPU
		Release|Any CPU = Release|Any CPU
	EndGlobalSection
	GlobalSection(ProjectConfigurationPlatforms) = postSolution
		{D38E3039-1309-4F0B-A696-1E59CCEC89A9}.Debug|Any CPU.ActiveCfg = Debug|Any CPU
		{D38E3039-1309-4F0B-A696-1E59CCEC89A9}.Debug|Any CPU.Build.0 = Debug|Any CPU
		{D38E3039-1309-4F0B-A696-1E59CCEC89A9}.Release|Any CPU.ActiveCfg = Release|Any CPU
		{D38E3039-1309-4F0B-A696-1E59CCEC89A9}.Release|Any CPU.Build.0 = Release|Any CPU
	EndGlobalSection
	GlobalSection(SolutionProperties) = preSolution
		HideSolutionNode = FALSE
	EndGlobalSection
	GlobalSection(ExtensibilityGlobals) = postSolution
		SolutionGuid = {54250007-E9DC-4077-A8E5-1064BBDDB02E}
	EndGlobalSection
EndGlobal
